# THIS IS AN AUTOGENERATED FILE. DO NOT EDIT THIS FILE DIRECTLY.
# yarn lockfile v1


"@vanillaes/csv@^3.0.1":
  version "3.0.1"
  resolved "https://registry.yarnpkg.com/@vanillaes/csv/-/csv-3.0.1.tgz#3815a44363d563ca8165c067f06867809dad9b35"
  integrity sha512-mNKB75OwOUQl90lXxDcgOzN8vb5fsGEa4TNF4rbP0e/MiXzJzEzMc369wOT9jyXidJlbZTHzP6H839d3i7Zdag==
